
Microsoft Visual Studio Solution File, Format Version 12.00
# Visual Studio 15
VisualStudioVersion = 15.0.27703.2035
MinimumVisualStudioVersion = 10.0.40219.1
Project("{FAE04EC0-301F-11D3-BF4B-00C04F79EFBC}") = "Phoneword.Android", "Phoneword\Phoneword.Android\Phoneword.Android.csproj", "{809249BD-68F9-43E4-AB3F-E3E4458A1AC5}"
EndProject
Project("{FAE04EC0-301F-11D3-BF4B-00C04F79EFBC}") = "Phoneword.iOS", "Phoneword\Phoneword.iOS\Phoneword.iOS.csproj", "{3565E5CD-A36F-4132-BC68-B4E1348C77A7}"
EndProject
Project("{FAE04EC0-301F-11D3-BF4B-00C04F79EFBC}") = "Phoneword.UWP", "Phoneword\Phoneword.UWP\Phoneword.UWP.csproj", "{ED701246-CAA5-4FBE-939C-92E8637C2CAB}"
EndProject
Project("{FAE04EC0-301F-11D3-BF4B-00C04F79EFBC}") = "Phoneword", "Phoneword\Phoneword\Phoneword.csproj", "{B8276805-2A84-4232-884E-4FAEC01FE8AA}"
EndProject
Global
	GlobalSection(SolutionConfigurationPlatforms) = preSolution
		Ad-Hoc|Any CPU = Ad-Hoc|Any CPU
		Ad-Hoc|ARM = Ad-Hoc|ARM
		Ad-Hoc|iPhone = Ad-Hoc|iPhone
		Ad-Hoc|iPhoneSimulator = Ad-Hoc|iPhoneSimulator
		Ad-Hoc|x64 = Ad-Hoc|x64
		Ad-Hoc|x86 = Ad-Hoc|x86
		AppStore|Any CPU = AppStore|Any CPU
		AppStore|ARM = AppStore|ARM
		AppStore|iPhone = AppStore|iPhone
		AppStore|iPhoneSimulator = AppStore|iPhoneSimulator
		AppStore|x64 = AppStore|x64
		AppStore|x86 = AppStore|x86
		Debug|Any CPU = Debug|Any CPU
		Debug|ARM = Debug|ARM
		Debug|iPhone = Debug|iPhone
		Debug|iPhoneSimulator = Debug|iPhoneSimulator
		Debug|x64 = Debug|x64
		Debug|x86 = Debug|x86
		Release|Any CPU = Release|Any CPU
		Release|ARM = Release|ARM
		Release|iPhone = Release|iPhone
		Release|iPhoneSimulator = Release|iPhoneSimulator
		Release|x64 = Release|x64
		Release|x86 = Release|x86
	EndGlobalSection
	GlobalSection(ProjectConfigurationPlatforms) = postSolution
		{809249BD-68F9-43E4-AB3F-E3E4458A1AC5}.Ad-Hoc|Any CPU.ActiveCfg = Release|Any CPU
		{809249BD-68F9-43E4-AB3F-E3E4458A1AC5}.Ad-Hoc|Any CPU.Build.0 = Release|Any CPU
		{809249BD-68F9-43E4-AB3F-E3E4458A1AC5}.Ad-Hoc|Any CPU.Deploy.0 = Release|Any CPU
		{809249BD-68F9-43E4-AB3F-E3E4458A1AC5}.Ad-Hoc|ARM.ActiveCfg = Release|Any CPU
		{809249BD-68F9-43E4-AB3F-E3E4458A1AC5}.Ad-Hoc|ARM.Build.0 = Release|Any CPU
		{809249BD-68F9-43E4-AB3F-E3E4458A1AC5}.Ad-Hoc|ARM.Deploy.0 = Release|Any CPU
		{809249BD-68F9-43E4-AB3F-E3E4458A1AC5}.Ad-Hoc|iPhone.ActiveCfg = Release|Any CPU
		{809249BD-68F9-43E4-AB3F-E3E4458A1AC5}.Ad-Hoc|iPhone.Build.0 = Release|Any CPU
		{809249BD-68F9-43E4-AB3F-E3E4458A1AC5}.Ad-Hoc|iPhone.Deploy.0 = Release|Any CPU
		{809249BD-68F9-43E4-AB3F-E3E4458A1AC5}.Ad-Hoc|iPhoneSimulator.ActiveCfg = Release|Any CPU
		{809249BD-68F9-43E4-AB3F-E3E4458A1AC5}.Ad-Hoc|iPhoneSimulator.Build.0 = Release|Any CPU
		{809249BD-68F9-43E4-AB3F-E3E4458A1AC5}.Ad-Hoc|iPhoneSimulator.Deploy.0 = Release|Any CPU
		{809249BD-68F9-43E4-AB3F-E3E4458A1AC5}.Ad-Hoc|x64.ActiveCfg = Release|Any CPU
		{809249BD-68F9-43E4-AB3F-E3E4458A1AC5}.Ad-Hoc|x64.Build.0 = Release|Any CPU
		{809249BD-68F9-43E4-AB3F-E3E4458A1AC5}.Ad-Hoc|x64.Deploy.0 = Release|Any CPU
		{809249BD-68F9-43E4-AB3F-E3E4458A1AC5}.Ad-Hoc|x86.ActiveCfg = Release|Any CPU
		{809249BD-68F9-43E4-AB3F-E3E4458A1AC5}.Ad-Hoc|x86.Build.0 = Release|Any CPU
		{809249BD-68F9-43E4-AB3F-E3E4458A1AC5}.Ad-Hoc|x86.Deploy.0 = Release|Any CPU
		{809249BD-68F9-43E4-AB3F-E3E4458A1AC5}.AppStore|Any CPU.ActiveCfg = Release|Any CPU
		{809249BD-68F9-43E4-AB3F-E3E4458A1AC5}.AppStore|Any CPU.Build.0 = Release|Any CPU
		{809249BD-68F9-43E4-AB3F-E3E4458A1AC5}.AppStore|Any CPU.Deploy.0 = Release|Any CPU
		{809249BD-68F9-43E4-AB3F-E3E4458A1AC5}.AppStore|ARM.ActiveCfg = Release|Any CPU
		{809249BD-68F9-43E4-AB3F-E3E4458A1AC5}.AppStore|ARM.Build.0 = Release|Any CPU
		{809249BD-68F9-43E4-AB3F-E3E4458A1AC5}.AppStore|ARM.Deploy.0 = Release|Any CPU
		{809249BD-68F9-43E4-AB3F-E3E4458A1AC5}.AppStore|iPhone.ActiveCfg = Release|Any CPU
		{809249BD-68F9-43E4-AB3F-E3E4458A1AC5}.AppStore|iPhone.Build.0 = Release|Any CPU
		{809249BD-68F9-43E4-AB3F-E3E4458A1AC5}.AppStore|iPhone.Deploy.0 = Release|Any CPU
		{809249BD-68F9-43E4-AB3F-E3E4458A1AC5}.AppStore|iPhoneSimulator.ActiveCfg = Release|Any CPU
		{809249BD-68F9-43E4-AB3F-E3E4458A1AC5}.AppStore|iPhoneSimulator.Build.0 = Release|Any CPU
		{809249BD-68F9-43E4-AB3F-E3E4458A1AC5}.AppStore|iPhoneSimulator.Deploy.0 = Release|Any CPU
		{809249BD-68F9-43E4-AB3F-E3E4458A1AC5}.AppStore|x64.ActiveCfg = Release|Any CPU
		{809249BD-68F9-43E4-AB3F-E3E4458A1AC5}.AppStore|x64.Build.0 = Release|Any CPU
		{809249BD-68F9-43E4-AB3F-E3E4458A1AC5}.AppStore|x64.Deploy.0 = Release|Any CPU
		{809249BD-68F9-43E4-AB3F-E3E4458A1AC5}.AppStore|x86.ActiveCfg = Release|Any CPU
		{809249BD-68F9-43E4-AB3F-E3E4458A1AC5}.AppStore|x86.Build.0 = Release|Any CPU
		{809249BD-68F9-43E4-AB3F-E3E4458A1AC5}.AppStore|x86.Deploy.0 = Release|Any CPU
		{809249BD-68F9-43E4-AB3F-E3E4458A1AC5}.Debug|Any CPU.ActiveCfg = Debug|Any CPU
		{809249BD-68F9-43E4-AB3F-E3E4458A1AC5}.Debug|Any CPU.Build.0 = Debug|Any CPU
		{809249BD-68F9-43E4-AB3F-E3E4458A1AC5}.Debug|Any CPU.Deploy.0 = Debug|Any CPU
		{809249BD-68F9-43E4-AB3F-E3E4458A1AC5}.Debug|ARM.ActiveCfg = Debug|Any CPU
		{809249BD-68F9-43E4-AB3F-E3E4458A1AC5}.Debug|ARM.Build.0 = Debug|Any CPU
		{809249BD-68F9-43E4-AB3F-E3E4458A1AC5}.Debug|ARM.Deploy.0 = Debug|Any CPU
		{809249BD-68F9-43E4-AB3F-E3E4458A1AC5}.Debug|iPhone.ActiveCfg = Debug|Any CPU
		{809249BD-68F9-43E4-AB3F-E3E4458A1AC5}.Debug|iPhone.Build.0 = Debug|Any CPU
		{809249BD-68F9-43E4-AB3F-E3E4458A1AC5}.Debug|iPhone.Deploy.0 = Debug|Any CPU
		{809249BD-68F9-43E4-AB3F-E3E4458A1AC5}.Debug|iPhoneSimulator.ActiveCfg = Debug|Any CPU
		{809249BD-68F9-43E4-AB3F-E3E4458A1AC5}.Debug|iPhoneSimulator.Build.0 = Debug|Any CPU
		{809249BD-68F9-43E4-AB3F-E3E4458A1AC5}.Debug|iPhoneSimulator.Deploy.0 = Debug|Any CPU
		{809249BD-68F9-43E4-AB3F-E3E4458A1AC5}.Debug|x64.ActiveCfg = Debug|Any CPU
		{809249BD-68F9-43E4-AB3F-E3E4458A1AC5}.Debug|x64.Build.0 = Debug|Any CPU
		{809249BD-68F9-43E4-AB3F-E3E4458A1AC5}.Debug|x64.Deploy.0 = Debug|Any CPU
		{809249BD-68F9-43E4-AB3F-E3E4458A1AC5}.Debug|x86.ActiveCfg = Debug|Any CPU
		{809249BD-68F9-43E4-AB3F-E3E4458A1AC5}.Debug|x86.Build.0 = Debug|Any CPU
		{809249BD-68F9-43E4-AB3F-E3E4458A1AC5}.Debug|x86.Deploy.0 = Debug|Any CPU
		{809249BD-68F9-43E4-AB3F-E3E4458A1AC5}.Release|Any CPU.ActiveCfg = Release|Any CPU
		{809249BD-68F9-43E4-AB3F-E3E4458A1AC5}.Release|Any CPU.Build.0 = Release|Any CPU
		{809249BD-68F9-43E4-AB3F-E3E4458A1AC5}.Release|Any CPU.Deploy.0 = Release|Any CPU
		{809249BD-68F9-43E4-AB3F-E3E4458A1AC5}.Release|ARM.ActiveCfg = Release|Any CPU
		{809249BD-68F9-43E4-AB3F-E3E4458A1AC5}.Release|ARM.Build.0 = Release|Any CPU
		{809249BD-68F9-43E4-AB3F-E3E4458A1AC5}.Release|ARM.Deploy.0 = Release|Any CPU
		{809249BD-68F9-43E4-AB3F-E3E4458A1AC5}.Release|iPhone.ActiveCfg = Release|Any CPU
		{809249BD-68F9-43E4-AB3F-E3E4458A1AC5}.Release|iPhone.Build.0 = Release|Any CPU
		{809249BD-68F9-43E4-AB3F-E3E4458A1AC5}.Release|iPhone.Deploy.0 = Release|Any CPU
		{809249BD-68F9-43E4-AB3F-E3E4458A1AC5}.Release|iPhoneSimulator.ActiveCfg = Release|Any CPU
		{809249BD-68F9-43E4-AB3F-E3E4458A1AC5}.Release|iPhoneSimulator.Build.0 = Release|Any CPU
		{809249BD-68F9-43E4-AB3F-E3E4458A1AC5}.Release|iPhoneSimulator.Deploy.0 = Release|Any CPU
		{809249BD-68F9-43E4-AB3F-E3E4458A1AC5}.Release|x64.ActiveCfg = Release|Any CPU
		{809249BD-68F9-43E4-AB3F-E3E4458A1AC5}.Release|x64.Build.0 = Release|Any CPU
		{809249BD-68F9-43E4-AB3F-E3E4458A1AC5}.Release|x64.Deploy.0 = Release|Any CPU
		{809249BD-68F9-43E4-AB3F-E3E4458A1AC5}.Release|x86.ActiveCfg = Release|Any CPU
		{809249BD-68F9-43E4-AB3F-E3E4458A1AC5}.Release|x86.Build.0 = Release|Any CPU
		{809249BD-68F9-43E4-AB3F-E3E4458A1AC5}.Release|x86.Deploy.0 = Release|Any CPU
		{3565E5CD-A36F-4132-BC68-B4E1348C77A7}.Ad-Hoc|Any CPU.ActiveCfg = Ad-Hoc|iPhone
		{3565E5CD-A36F-4132-BC68-B4E1348C77A7}.Ad-Hoc|Any CPU.Build.0 = Ad-Hoc|iPhone
		{3565E5CD-A36F-4132-BC68-B4E1348C77A7}.Ad-Hoc|Any CPU.Deploy.0 = Ad-Hoc|iPhone
		{3565E5CD-A36F-4132-BC68-B4E1348C77A7}.Ad-Hoc|ARM.ActiveCfg = Ad-Hoc|iPhone
		{3565E5CD-A36F-4132-BC68-B4E1348C77A7}.Ad-Hoc|ARM.Build.0 = Ad-Hoc|iPhone
		{3565E5CD-A36F-4132-BC68-B4E1348C77A7}.Ad-Hoc|ARM.Deploy.0 = Ad-Hoc|iPhone
		{3565E5CD-A36F-4132-BC68-B4E1348C77A7}.Ad-Hoc|iPhone.ActiveCfg = Ad-Hoc|iPhone
		{3565E5CD-A36F-4132-BC68-B4E1348C77A7}.Ad-Hoc|iPhone.Build.0 = Ad-Hoc|iPhone
		{3565E5CD-A36F-4132-BC68-B4E1348C77A7}.Ad-Hoc|iPhone.Deploy.0 = Ad-Hoc|iPhone
		{3565E5CD-A36F-4132-BC68-B4E1348C77A7}.Ad-Hoc|iPhoneSimulator.ActiveCfg = Ad-Hoc|iPhoneSimulator
		{3565E5CD-A36F-4132-BC68-B4E1348C77A7}.Ad-Hoc|iPhoneSimulator.Build.0 = Ad-Hoc|iPhoneSimulator
		{3565E5CD-A36F-4132-BC68-B4E1348C77A7}.Ad-Hoc|iPhoneSimulator.Deploy.0 = Ad-Hoc|iPhoneSimulator
		{3565E5CD-A36F-4132-BC68-B4E1348C77A7}.Ad-Hoc|x64.ActiveCfg = Ad-Hoc|iPhone
		{3565E5CD-A36F-4132-BC68-B4E1348C77A7}.Ad-Hoc|x64.Build.0 = Ad-Hoc|iPhone
		{3565E5CD-A36F-4132-BC68-B4E1348C77A7}.Ad-Hoc|x64.Deploy.0 = Ad-Hoc|iPhone
		{3565E5CD-A36F-4132-BC68-B4E1348C77A7}.Ad-Hoc|x86.ActiveCfg = Ad-Hoc|iPhone
		{3565E5CD-A36F-4132-BC68-B4E1348C77A7}.Ad-Hoc|x86.Build.0 = Ad-Hoc|iPhone
		{3565E5CD-A36F-4132-BC68-B4E1348C77A7}.Ad-Hoc|x86.Deploy.0 = Ad-Hoc|iPhone
		{3565E5CD-A36F-4132-BC68-B4E1348C77A7}.AppStore|Any CPU.ActiveCfg = AppStore|iPhone
		{3565E5CD-A36F-4132-BC68-B4E1348C77A7}.AppStore|Any CPU.Build.0 = AppStore|iPhone
		{3565E5CD-A36F-4132-BC68-B4E1348C77A7}.AppStore|Any CPU.Deploy.0 = AppStore|iPhone
		{3565E5CD-A36F-4132-BC68-B4E1348C77A7}.AppStore|ARM.ActiveCfg = AppStore|iPhone
		{3565E5CD-A36F-4132-BC68-B4E1348C77A7}.AppStore|ARM.Build.0 = AppStore|iPhone
		{3565E5CD-A36F-4132-BC68-B4E1348C77A7}.AppStore|ARM.Deploy.0 = AppStore|iPhone
		{3565E5CD-A36F-4132-BC68-B4E1348C77A7}.AppStore|iPhone.ActiveCfg = AppStore|iPhone
		{3565E5CD-A36F-4132-BC68-B4E1348C77A7}.AppStore|iPhone.Build.0 = AppStore|iPhone
		{3565E5CD-A36F-4132-BC68-B4E1348C77A7}.AppStore|iPhone.Deploy.0 = AppStore|iPhone
		{3565E5CD-A36F-4132-BC68-B4E1348C77A7}.AppStore|iPhoneSimulator.ActiveCfg = AppStore|iPhoneSimulator
		{3565E5CD-A36F-4132-BC68-B4E1348C77A7}.AppStore|iPhoneSimulator.Build.0 = AppStore|iPhoneSimulator
		{3565E5CD-A36F-4132-BC68-B4E1348C77A7}.AppStore|iPhoneSimulator.Deploy.0 = AppStore|iPhoneSimulator
		{3565E5CD-A36F-4132-BC68-B4E1348C77A7}.AppStore|x64.ActiveCfg = AppStore|iPhone
		{3565E5CD-A36F-4132-BC68-B4E1348C77A7}.AppStore|x64.Build.0 = AppStore|iPhone
		{3565E5CD-A36F-4132-BC68-B4E1348C77A7}.AppStore|x64.Deploy.0 = AppStore|iPhone
		{3565E5CD-A36F-4132-BC68-B4E1348C77A7}.AppStore|x86.ActiveCfg = AppStore|iPhone
		{3565E5CD-A36F-4132-BC68-B4E1348C77A7}.AppStore|x86.Build.0 = AppStore|iPhone
		{3565E5CD-A36F-4132-BC68-B4E1348C77A7}.AppStore|x86.Deploy.0 = AppStore|iPhone
		{3565E5CD-A36F-4132-BC68-B4E1348C77A7}.Debug|Any CPU.ActiveCfg = Debug|iPhoneSimulator
		{3565E5CD-A36F-4132-BC68-B4E1348C77A7}.Debug|Any CPU.Build.0 = Debug|iPhoneSimulator
		{3565E5CD-A36F-4132-BC68-B4E1348C77A7}.Debug|Any CPU.Deploy.0 = Debug|iPhoneSimulator
		{3565E5CD-A36F-4132-BC68-B4E1348C77A7}.Debug|ARM.ActiveCfg = Debug|iPhone
		{3565E5CD-A36F-4132-BC68-B4E1348C77A7}.Debug|ARM.Build.0 = Debug|iPhone
		{3565E5CD-A36F-4132-BC68-B4E1348C77A7}.Debug|ARM.Deploy.0 = Debug|iPhone
		{3565E5CD-A36F-4132-BC68-B4E1348C77A7}.Debug|iPhone.ActiveCfg = Debug|iPhone
		{3565E5CD-A36F-4132-BC68-B4E1348C77A7}.Debug|iPhone.Build.0 = Debug|iPhone
		{3565E5CD-A36F-4132-BC68-B4E1348C77A7}.Debug|iPhone.Deploy.0 = Debug|iPhone
		{3565E5CD-A36F-4132-BC68-B4E1348C77A7}.Debug|iPhoneSimulator.ActiveCfg = Debug|iPhoneSimulator
		{3565E5CD-A36F-4132-BC68-B4E1348C77A7}.Debug|iPhoneSimulator.Build.0 = Debug|iPhoneSimulator
		{3565E5CD-A36F-4132-BC68-B4E1348C77A7}.Debug|iPhoneSimulator.Deploy.0 = Debug|iPhoneSimulator
		{3565E5CD-A36F-4132-BC68-B4E1348C77A7}.Debug|x64.ActiveCfg = Debug|iPhone
		{3565E5CD-A36F-4132-BC68-B4E1348C77A7}.Debug|x64.Build.0 = Debug|iPhone
		{3565E5CD-A36F-4132-BC68-B4E1348C77A7}.Debug|x64.Deploy.0 = Debug|iPhone
		{3565E5CD-A36F-4132-BC68-B4E1348C77A7}.Debug|x86.ActiveCfg = Debug|iPhone
		{3565E5CD-A36F-4132-BC68-B4E1348C77A7}.Debug|x86.Build.0 = Debug|iPhone
		{3565E5CD-A36F-4132-BC68-B4E1348C77A7}.Debug|x86.Deploy.0 = Debug|iPhone
		{3565E5CD-A36F-4132-BC68-B4E1348C77A7}.Release|Any CPU.ActiveCfg = Release|iPhone
		{3565E5CD-A36F-4132-BC68-B4E1348C77A7}.Release|Any CPU.Build.0 = Release|iPhone
		{3565E5CD-A36F-4132-BC68-B4E1348C77A7}.Release|Any CPU.Deploy.0 = Release|iPhone
		{3565E5CD-A36F-4132-BC68-B4E1348C77A7}.Release|ARM.ActiveCfg = Release|iPhone
		{3565E5CD-A36F-4132-BC68-B4E1348C77A7}.Release|ARM.Build.0 = Release|iPhone
		{3565E5CD-A36F-4132-BC68-B4E1348C77A7}.Release|ARM.Deploy.0 = Release|iPhone
		{3565E5CD-A36F-4132-BC68-B4E1348C77A7}.Release|iPhone.ActiveCfg = Release|iPhone
		{3565E5CD-A36F-4132-BC68-B4E1348C77A7}.Release|iPhone.Build.0 = Release|iPhone
		{3565E5CD-A36F-4132-BC68-B4E1348C77A7}.Release|iPhone.Deploy.0 = Release|iPhone
		{3565E5CD-A36F-4132-BC68-B4E1348C77A7}.Release|iPhoneSimulator.ActiveCfg = Release|iPhoneSimulator
		{3565E5CD-A36F-4132-BC68-B4E1348C77A7}.Release|iPhoneSimulator.Build.0 = Release|iPhoneSimulator
		{3565E5CD-A36F-4132-BC68-B4E1348C77A7}.Release|iPhoneSimulator.Deploy.0 = Release|iPhoneSimulator
		{3565E5CD-A36F-4132-BC68-B4E1348C77A7}.Release|x64.ActiveCfg = Release|iPhone
		{3565E5CD-A36F-4132-BC68-B4E1348C77A7}.Release|x64.Build.0 = Release|iPhone
		{3565E5CD-A36F-4132-BC68-B4E1348C77A7}.Release|x64.Deploy.0 = Release|iPhone
		{3565E5CD-A36F-4132-BC68-B4E1348C77A7}.Release|x86.ActiveCfg = Release|iPhone
		{3565E5CD-A36F-4132-BC68-B4E1348C77A7}.Release|x86.Build.0 = Release|iPhone
		{3565E5CD-A36F-4132-BC68-B4E1348C77A7}.Release|x86.Deploy.0 = Release|iPhone
		{ED701246-CAA5-4FBE-939C-92E8637C2CAB}.Ad-Hoc|Any CPU.ActiveCfg = Release|x86
		{ED701246-CAA5-4FBE-939C-92E8637C2CAB}.Ad-Hoc|Any CPU.Build.0 = Release|x86
		{ED701246-CAA5-4FBE-939C-92E8637C2CAB}.Ad-Hoc|Any CPU.Deploy.0 = Release|x86
		{ED701246-CAA5-4FBE-939C-92E8637C2CAB}.Ad-Hoc|ARM.ActiveCfg = Release|ARM
		{ED701246-CAA5-4FBE-939C-92E8637C2CAB}.Ad-Hoc|ARM.Build.0 = Release|ARM
		{ED701246-CAA5-4FBE-939C-92E8637C2CAB}.Ad-Hoc|ARM.Deploy.0 = Release|ARM
		{ED701246-CAA5-4FBE-939C-92E8637C2CAB}.Ad-Hoc|iPhone.ActiveCfg = Release|x86
		{ED701246-CAA5-4FBE-939C-92E8637C2CAB}.Ad-Hoc|iPhone.Build.0 = Release|x86
		{ED701246-CAA5-4FBE-939C-92E8637C2CAB}.Ad-Hoc|iPhone.Deploy.0 = Release|x86
		{ED701246-CAA5-4FBE-939C-92E8637C2CAB}.Ad-Hoc|iPhoneSimulator.ActiveCfg = Release|x86
		{ED701246-CAA5-4FBE-939C-92E8637C2CAB}.Ad-Hoc|iPhoneSimulator.Build.0 = Release|x86
		{ED701246-CAA5-4FBE-939C-92E8637C2CAB}.Ad-Hoc|iPhoneSimulator.Deploy.0 = Release|x86
		{ED701246-CAA5-4FBE-939C-92E8637C2CAB}.Ad-Hoc|x64.ActiveCfg = Release|x64
		{ED701246-CAA5-4FBE-939C-92E8637C2CAB}.Ad-Hoc|x64.Build.0 = Release|x64
		{ED701246-CAA5-4FBE-939C-92E8637C2CAB}.Ad-Hoc|x64.Deploy.0 = Release|x64
		{ED701246-CAA5-4FBE-939C-92E8637C2CAB}.Ad-Hoc|x86.ActiveCfg = Release|x86
		{ED701246-CAA5-4FBE-939C-92E8637C2CAB}.Ad-Hoc|x86.Build.0 = Release|x86
		{ED701246-CAA5-4FBE-939C-92E8637C2CAB}.Ad-Hoc|x86.Deploy.0 = Release|x86
		{ED701246-CAA5-4FBE-939C-92E8637C2CAB}.AppStore|Any CPU.ActiveCfg = Release|x86
		{ED701246-CAA5-4FBE-939C-92E8637C2CAB}.AppStore|Any CPU.Build.0 = Release|x86
		{ED701246-CAA5-4FBE-939C-92E8637C2CAB}.AppStore|Any CPU.Deploy.0 = Release|x86
		{ED701246-CAA5-4FBE-939C-92E8637C2CAB}.AppStore|ARM.ActiveCfg = Release|ARM
		{ED701246-CAA5-4FBE-939C-92E8637C2CAB}.AppStore|ARM.Build.0 = Release|ARM
		{ED701246-CAA5-4FBE-939C-92E8637C2CAB}.AppStore|ARM.Deploy.0 = Release|ARM
		{ED701246-CAA5-4FBE-939C-92E8637C2CAB}.AppStore|iPhone.ActiveCfg = Release|x86
		{ED701246-CAA5-4FBE-939C-92E8637C2CAB}.AppStore|iPhone.Build.0 = Release|x86
		{ED701246-CAA5-4FBE-939C-92E8637C2CAB}.AppStore|iPhone.Deploy.0 = Release|x86
		{ED701246-CAA5-4FBE-939C-92E8637C2CAB}.AppStore|iPhoneSimulator.ActiveCfg = Release|x86
		{ED701246-CAA5-4FBE-939C-92E8637C2CAB}.AppStore|iPhoneSimulator.Build.0 = Release|x86
		{ED701246-CAA5-4FBE-939C-92E8637C2CAB}.AppStore|iPhoneSimulator.Deploy.0 = Release|x86
		{ED701246-CAA5-4FBE-939C-92E8637C2CAB}.AppStore|x64.ActiveCfg = Release|x64
		{ED701246-CAA5-4FBE-939C-92E8637C2CAB}.AppStore|x64.Build.0 = Release|x64
		{ED701246-CAA5-4FBE-939C-92E8637C2CAB}.AppStore|x64.Deploy.0 = Release|x64
		{ED701246-CAA5-4FBE-939C-92E8637C2CAB}.AppStore|x86.ActiveCfg = Release|x86
		{ED701246-CAA5-4FBE-939C-92E8637C2CAB}.AppStore|x86.Build.0 = Release|x86
		{ED701246-CAA5-4FBE-939C-92E8637C2CAB}.AppStore|x86.Deploy.0 = Release|x86
		{ED701246-CAA5-4FBE-939C-92E8637C2CAB}.Debug|Any CPU.ActiveCfg = Debug|x86
		{ED701246-CAA5-4FBE-939C-92E8637C2CAB}.Debug|Any CPU.Build.0 = Debug|x86
		{ED701246-CAA5-4FBE-939C-92E8637C2CAB}.Debug|Any CPU.Deploy.0 = Debug|x86
		{ED701246-CAA5-4FBE-939C-92E8637C2CAB}.Debug|ARM.ActiveCfg = Debug|ARM
		{ED701246-CAA5-4FBE-939C-92E8637C2CAB}.Debug|ARM.Build.0 = Debug|ARM
		{ED701246-CAA5-4FBE-939C-92E8637C2CAB}.Debug|ARM.Deploy.0 = Debug|ARM
		{ED701246-CAA5-4FBE-939C-92E8637C2CAB}.Debug|iPhone.ActiveCfg = Debug|x86
		{ED701246-CAA5-4FBE-939C-92E8637C2CAB}.Debug|iPhone.Build.0 = Debug|x86
		{ED701246-CAA5-4FBE-939C-92E8637C2CAB}.Debug|iPhone.Deploy.0 = Debug|x86
		{ED701246-CAA5-4FBE-939C-92E8637C2CAB}.Debug|iPhoneSimulator.ActiveCfg = Debug|x86
		{ED701246-CAA5-4FBE-939C-92E8637C2CAB}.Debug|iPhoneSimulator.Build.0 = Debug|x86
		{ED701246-CAA5-4FBE-939C-92E8637C2CAB}.Debug|iPhoneSimulator.Deploy.0 = Debug|x86
		{ED701246-CAA5-4FBE-939C-92E8637C2CAB}.Debug|x64.ActiveCfg = Debug|x64
		{ED701246-CAA5-4FBE-939C-92E8637C2CAB}.Debug|x64.Build.0 = Debug|x64
		{ED701246-CAA5-4FBE-939C-92E8637C2CAB}.Debug|x64.Deploy.0 = Debug|x64
		{ED701246-CAA5-4FBE-939C-92E8637C2CAB}.Debug|x86.ActiveCfg = Debug|x86
		{ED701246-CAA5-4FBE-939C-92E8637C2CAB}.Debug|x86.Build.0 = Debug|x86
		{ED701246-CAA5-4FBE-939C-92E8637C2CAB}.Debug|x86.Deploy.0 = Debug|x86
		{ED701246-CAA5-4FBE-939C-92E8637C2CAB}.Release|Any CPU.ActiveCfg = Release|x86
		{ED701246-CAA5-4FBE-939C-92E8637C2CAB}.Release|Any CPU.Build.0 = Release|x86
		{ED701246-CAA5-4FBE-939C-92E8637C2CAB}.Release|Any CPU.Deploy.0 = Release|x86
		{ED701246-CAA5-4FBE-939C-92E8637C2CAB}.Release|ARM.ActiveCfg = Release|ARM
		{ED701246-CAA5-4FBE-939C-92E8637C2CAB}.Release|ARM.Build.0 = Release|ARM
		{ED701246-CAA5-4FBE-939C-92E8637C2CAB}.Release|ARM.Deploy.0 = Release|ARM
		{ED701246-CAA5-4FBE-939C-92E8637C2CAB}.Release|iPhone.ActiveCfg = Release|x86
		{ED701246-CAA5-4FBE-939C-92E8637C2CAB}.Release|iPhone.Build.0 = Release|x86
		{ED701246-CAA5-4FBE-939C-92E8637C2CAB}.Release|iPhone.Deploy.0 = Release|x86
		{ED701246-CAA5-4FBE-939C-92E8637C2CAB}.Release|iPhoneSimulator.ActiveCfg = Release|x86
		{ED701246-CAA5-4FBE-939C-92E8637C2CAB}.Release|iPhoneSimulator.Build.0 = Release|x86
		{ED701246-CAA5-4FBE-939C-92E8637C2CAB}.Release|iPhoneSimulator.Deploy.0 = Release|x86
		{ED701246-CAA5-4FBE-939C-92E8637C2CAB}.Release|x64.ActiveCfg = Release|x64
		{ED701246-CAA5-4FBE-939C-92E8637C2CAB}.Release|x64.Build.0 = Release|x64
		{ED701246-CAA5-4FBE-939C-92E8637C2CAB}.Release|x64.Deploy.0 = Release|x64
		{ED701246-CAA5-4FBE-939C-92E8637C2CAB}.Release|x86.ActiveCfg = Release|x86
		{ED701246-CAA5-4FBE-939C-92E8637C2CAB}.Release|x86.Build.0 = Release|x86
		{ED701246-CAA5-4FBE-939C-92E8637C2CAB}.Release|x86.Deploy.0 = Release|x86
		{B8276805-2A84-4232-884E-4FAEC01FE8AA}.Ad-Hoc|Any CPU.ActiveCfg = Debug|Any CPU
		{B8276805-2A84-4232-884E-4FAEC01FE8AA}.Ad-Hoc|Any CPU.Build.0 = Debug|Any CPU
		{B8276805-2A84-4232-884E-4FAEC01FE8AA}.Ad-Hoc|Any CPU.Deploy.0 = Debug|Any CPU
		{B8276805-2A84-4232-884E-4FAEC01FE8AA}.Ad-Hoc|ARM.ActiveCfg = Debug|Any CPU
		{B8276805-2A84-4232-884E-4FAEC01FE8AA}.Ad-Hoc|ARM.Build.0 = Debug|Any CPU
		{B8276805-2A84-4232-884E-4FAEC01FE8AA}.Ad-Hoc|ARM.Deploy.0 = Debug|Any CPU
		{B8276805-2A84-4232-884E-4FAEC01FE8AA}.Ad-Hoc|iPhone.ActiveCfg = Debug|Any CPU
		{B8276805-2A84-4232-884E-4FAEC01FE8AA}.Ad-Hoc|iPhone.Build.0 = Debug|Any CPU
		{B8276805-2A84-4232-884E-4FAEC01FE8AA}.Ad-Hoc|iPhone.Deploy.0 = Debug|Any CPU
		{B8276805-2A84-4232-884E-4FAEC01FE8AA}.Ad-Hoc|iPhoneSimulator.ActiveCfg = Debug|Any CPU
		{B8276805-2A84-4232-884E-4FAEC01FE8AA}.Ad-Hoc|iPhoneSimulator.Build.0 = Debug|Any CPU
		{B8276805-2A84-4232-884E-4FAEC01FE8AA}.Ad-Hoc|iPhoneSimulator.Deploy.0 = Debug|Any CPU
		{B8276805-2A84-4232-884E-4FAEC01FE8AA}.Ad-Hoc|x64.ActiveCfg = Debug|Any CPU
		{B8276805-2A84-4232-884E-4FAEC01FE8AA}.Ad-Hoc|x64.Build.0 = Debug|Any CPU
		{B8276805-2A84-4232-884E-4FAEC01FE8AA}.Ad-Hoc|x64.Deploy.0 = Debug|Any CPU
		{B8276805-2A84-4232-884E-4FAEC01FE8AA}.Ad-Hoc|x86.ActiveCfg = Debug|Any CPU
		{B8276805-2A84-4232-884E-4FAEC01FE8AA}.Ad-Hoc|x86.Build.0 = Debug|Any CPU
		{B8276805-2A84-4232-884E-4FAEC01FE8AA}.Ad-Hoc|x86.Deploy.0 = Debug|Any CPU
		{B8276805-2A84-4232-884E-4FAEC01FE8AA}.AppStore|Any CPU.ActiveCfg = Debug|Any CPU
		{B8276805-2A84-4232-884E-4FAEC01FE8AA}.AppStore|Any CPU.Build.0 = Debug|Any CPU
		{B8276805-2A84-4232-884E-4FAEC01FE8AA}.AppStore|Any CPU.Deploy.0 = Debug|Any CPU
		{B8276805-2A84-4232-884E-4FAEC01FE8AA}.AppStore|ARM.ActiveCfg = Debug|Any CPU
		{B8276805-2A84-4232-884E-4FAEC01FE8AA}.AppStore|ARM.Build.0 = Debug|Any CPU
		{B8276805-2A84-4232-884E-4FAEC01FE8AA}.AppStore|ARM.Deploy.0 = Debug|Any CPU
		{B8276805-2A84-4232-884E-4FAEC01FE8AA}.AppStore|iPhone.ActiveCfg = Debug|Any CPU
		{B8276805-2A84-4232-884E-4FAEC01FE8AA}.AppStore|iPhone.Build.0 = Debug|Any CPU
		{B8276805-2A84-4232-884E-4FAEC01FE8AA}.AppStore|iPhone.Deploy.0 = Debug|Any CPU
		{B8276805-2A84-4232-884E-4FAEC01FE8AA}.AppStore|iPhoneSimulator.ActiveCfg = Debug|Any CPU
		{B8276805-2A84-4232-884E-4FAEC01FE8AA}.AppStore|iPhoneSimulator.Build.0 = Debug|Any CPU
		{B8276805-2A84-4232-884E-4FAEC01FE8AA}.AppStore|iPhoneSimulator.Deploy.0 = Debug|Any CPU
		{B8276805-2A84-4232-884E-4FAEC01FE8AA}.AppStore|x64.ActiveCfg = Debug|Any CPU
		{B8276805-2A84-4232-884E-4FAEC01FE8AA}.AppStore|x64.Build.0 = Debug|Any CPU
		{B8276805-2A84-4232-884E-4FAEC01FE8AA}.AppStore|x64.Deploy.0 = Debug|Any CPU
		{B8276805-2A84-4232-884E-4FAEC01FE8AA}.AppStore|x86.ActiveCfg = Debug|Any CPU
		{B8276805-2A84-4232-884E-4FAEC01FE8AA}.AppStore|x86.Build.0 = Debug|Any CPU
		{B8276805-2A84-4232-884E-4FAEC01FE8AA}.AppStore|x86.Deploy.0 = Debug|Any CPU
		{B8276805-2A84-4232-884E-4FAEC01FE8AA}.Debug|Any CPU.ActiveCfg = Debug|Any CPU
		{B8276805-2A84-4232-884E-4FAEC01FE8AA}.Debug|Any CPU.Build.0 = Debug|Any CPU
		{B8276805-2A84-4232-884E-4FAEC01FE8AA}.Debug|Any CPU.Deploy.0 = Debug|Any CPU
		{B8276805-2A84-4232-884E-4FAEC01FE8AA}.Debug|ARM.ActiveCfg = Debug|Any CPU
		{B8276805-2A84-4232-884E-4FAEC01FE8AA}.Debug|ARM.Build.0 = Debug|Any CPU
		{B8276805-2A84-4232-884E-4FAEC01FE8AA}.Debug|ARM.Deploy.0 = Debug|Any CPU
		{B8276805-2A84-4232-884E-4FAEC01FE8AA}.Debug|iPhone.ActiveCfg = Debug|Any CPU
		{B8276805-2A84-4232-884E-4FAEC01FE8AA}.Debug|iPhone.Build.0 = Debug|Any CPU
		{B8276805-2A84-4232-884E-4FAEC01FE8AA}.Debug|iPhone.Deploy.0 = Debug|Any CPU
		{B8276805-2A84-4232-884E-4FAEC01FE8AA}.Debug|iPhoneSimulator.ActiveCfg = Debug|Any CPU
		{B8276805-2A84-4232-884E-4FAEC01FE8AA}.Debug|iPhoneSimulator.Build.0 = Debug|Any CPU
		{B8276805-2A84-4232-884E-4FAEC01FE8AA}.Debug|iPhoneSimulator.Deploy.0 = Debug|Any CPU
		{B8276805-2A84-4232-884E-4FAEC01FE8AA}.Debug|x64.ActiveCfg = Debug|Any CPU
		{B8276805-2A84-4232-884E-4FAEC01FE8AA}.Debug|x64.Build.0 = Debug|Any CPU
		{B8276805-2A84-4232-884E-4FAEC01FE8AA}.Debug|x64.Deploy.0 = Debug|Any CPU
		{B8276805-2A84-4232-884E-4FAEC01FE8AA}.Debug|x86.ActiveCfg = Debug|Any CPU
		{B8276805-2A84-4232-884E-4FAEC01FE8AA}.Debug|x86.Build.0 = Debug|Any CPU
		{B8276805-2A84-4232-884E-4FAEC01FE8AA}.Debug|x86.Deploy.0 = Debug|Any CPU
		{B8276805-2A84-4232-884E-4FAEC01FE8AA}.Release|Any CPU.ActiveCfg = Release|Any CPU
		{B8276805-2A84-4232-884E-4FAEC01FE8AA}.Release|Any CPU.Build.0 = Release|Any CPU
		{B8276805-2A84-4232-884E-4FAEC01FE8AA}.Release|Any CPU.Deploy.0 = Release|Any CPU
		{B8276805-2A84-4232-884E-4FAEC01FE8AA}.Release|ARM.ActiveCfg = Release|Any CPU
		{B8276805-2A84-4232-884E-4FAEC01FE8AA}.Release|ARM.Build.0 = Release|Any CPU
		{B8276805-2A84-4232-884E-4FAEC01FE8AA}.Release|ARM.Deploy.0 = Release|Any CPU
		{B8276805-2A84-4232-884E-4FAEC01FE8AA}.Release|iPhone.ActiveCfg = Release|Any CPU
		{B8276805-2A84-4232-884E-4FAEC01FE8AA}.Release|iPhone.Build.0 = Release|Any CPU
		{B8276805-2A84-4232-884E-4FAEC01FE8AA}.Release|iPhone.Deploy.0 = Release|Any CPU
		{B8276805-2A84-4232-884E-4FAEC01FE8AA}.Release|iPhoneSimulator.ActiveCfg = Release|Any CPU
		{B8276805-2A84-4232-884E-4FAEC01FE8AA}.Release|iPhoneSimulator.Build.0 = Release|Any CPU
		{B8276805-2A84-4232-884E-4FAEC01FE8AA}.Release|iPhoneSimulator.Deploy.0 = Release|Any CPU
		{B8276805-2A84-4232-884E-4FAEC01FE8AA}.Release|x64.ActiveCfg = Release|Any CPU
		{B8276805-2A84-4232-884E-4FAEC01FE8AA}.Release|x64.Build.0 = Release|Any CPU
		{B8276805-2A84-4232-884E-4FAEC01FE8AA}.Release|x64.Deploy.0 = Release|Any CPU
		{B8276805-2A84-4232-884E-4FAEC01FE8AA}.Release|x86.ActiveCfg = Release|Any CPU
		{B8276805-2A84-4232-884E-4FAEC01FE8AA}.Release|x86.Build.0 = Release|Any CPU
		{B8276805-2A84-4232-884E-4FAEC01FE8AA}.Release|x86.Deploy.0 = Release|Any CPU
	EndGlobalSection
	GlobalSection(SolutionProperties) = preSolution
		HideSolutionNode = FALSE
	EndGlobalSection
	GlobalSection(ExtensibilityGlobals) = postSolution
		SolutionGuid = {B494FA6A-57F0-4BFD-A185-BD02C46E39F5}
	EndGlobalSection
EndGlobal
